
Microsoft Visual Studio Solution File, Format Version 12.00
# Visual Studio Version 17
VisualStudioVersion = 17.6.33815.320
MinimumVisualStudioVersion = 10.0.40219.1
Project("{9A19103F-16F7-4668-BE54-9A1E7A4F7556}") = "PayCheck.Web", "src\PayCheck.Web\PayCheck.Web.csproj", "{57050EC2-74CF-44CA-A4DF-2C29AA4EF738}"
EndProject
Project("{9A19103F-16F7-4668-BE54-9A1E7A4F7556}") = "PayCheck.Api", "src\PayCheck.Api\PayCheck.Api.csproj", "{F3C699D1-8223-4FCC-AD0C-7E087F73224B}"
EndProject
Project("{9A19103F-16F7-4668-BE54-9A1E7A4F7556}") = "ARVTech.DataAccess.DTOs", "submodules\ARVTech.DataAccess\src\ARVTech.DataAccess.DTOs\ARVTech.DataAccess.DTOs.csproj", "{4BE0A23A-CF6C-478C-8D86-E905733F8586}"
EndProject
Project("{9A19103F-16F7-4668-BE54-9A1E7A4F7556}") = "ARVTech.DataAccess.Core", "submodules\ARVTech.DataAccess\src\ARVTech.DataAccess.Core\ARVTech.DataAccess.Core.csproj", "{D8E4E8B1-B96B-48E9-AE77-A90B298E278E}"
EndProject
Project("{9A19103F-16F7-4668-BE54-9A1E7A4F7556}") = "ARVTech.Transmission.Engine", "..\ARVTech.DataAccess\submodules\ARVTech.Transmission\src\ARVTech.Transmission.Engine\ARVTech.Transmission.Engine.csproj", "{E4D6042D-43A4-4FA9-8E06-932E5E732E0F}"
EndProject
Project("{9A19103F-16F7-4668-BE54-9A1E7A4F7556}") = "PayCheck.Infrastructure", "src\PayCheck.Infrastructure\PayCheck.Infrastructure.csproj", "{E27993C2-F6A5-4828-9501-C01580367448}"
EndProject
Project("{9A19103F-16F7-4668-BE54-9A1E7A4F7556}") = "PayCheck.Application", "src\PayCheck.Application\PayCheck.Application.csproj", "{2E285D18-43FF-4429-AB6E-0ED832AFCC77}"
EndProject
Project("{9A19103F-16F7-4668-BE54-9A1E7A4F7556}") = "PayCheck.Business", "src\PayCheck.Business\PayCheck.Business.csproj", "{A59CC949-0442-4DA3-B51D-E73467F83F8C}"
EndProject
Global
	GlobalSection(SolutionConfigurationPlatforms) = preSolution
		Debug|Any CPU = Debug|Any CPU
		Release|Any CPU = Release|Any CPU
	EndGlobalSection
	GlobalSection(ProjectConfigurationPlatforms) = postSolution
		{57050EC2-74CF-44CA-A4DF-2C29AA4EF738}.Debug|Any CPU.ActiveCfg = Debug|Any CPU
		{57050EC2-74CF-44CA-A4DF-2C29AA4EF738}.Debug|Any CPU.Build.0 = Debug|Any CPU
		{57050EC2-74CF-44CA-A4DF-2C29AA4EF738}.Release|Any CPU.ActiveCfg = Release|Any CPU
		{57050EC2-74CF-44CA-A4DF-2C29AA4EF738}.Release|Any CPU.Build.0 = Release|Any CPU
		{F3C699D1-8223-4FCC-AD0C-7E087F73224B}.Debug|Any CPU.ActiveCfg = Debug|Any CPU
		{F3C699D1-8223-4FCC-AD0C-7E087F73224B}.Debug|Any CPU.Build.0 = Debug|Any CPU
		{F3C699D1-8223-4FCC-AD0C-7E087F73224B}.Release|Any CPU.ActiveCfg = Release|Any CPU
		{F3C699D1-8223-4FCC-AD0C-7E087F73224B}.Release|Any CPU.Build.0 = Release|Any CPU
		{4BE0A23A-CF6C-478C-8D86-E905733F8586}.Debug|Any CPU.ActiveCfg = Debug|Any CPU
		{4BE0A23A-CF6C-478C-8D86-E905733F8586}.Debug|Any CPU.Build.0 = Debug|Any CPU
		{4BE0A23A-CF6C-478C-8D86-E905733F8586}.Release|Any CPU.ActiveCfg = Release|Any CPU
		{4BE0A23A-CF6C-478C-8D86-E905733F8586}.Release|Any CPU.Build.0 = Release|Any CPU
		{D8E4E8B1-B96B-48E9-AE77-A90B298E278E}.Debug|Any CPU.ActiveCfg = Debug|Any CPU
		{D8E4E8B1-B96B-48E9-AE77-A90B298E278E}.Debug|Any CPU.Build.0 = Debug|Any CPU
		{D8E4E8B1-B96B-48E9-AE77-A90B298E278E}.Release|Any CPU.ActiveCfg = Release|Any CPU
		{D8E4E8B1-B96B-48E9-AE77-A90B298E278E}.Release|Any CPU.Build.0 = Release|Any CPU
		{E4D6042D-43A4-4FA9-8E06-932E5E732E0F}.Debug|Any CPU.ActiveCfg = Debug|Any CPU
		{E4D6042D-43A4-4FA9-8E06-932E5E732E0F}.Debug|Any CPU.Build.0 = Debug|Any CPU
		{E4D6042D-43A4-4FA9-8E06-932E5E732E0F}.Release|Any CPU.ActiveCfg = Release|Any CPU
		{E4D6042D-43A4-4FA9-8E06-932E5E732E0F}.Release|Any CPU.Build.0 = Release|Any CPU
		{E27993C2-F6A5-4828-9501-C01580367448}.Debug|Any CPU.ActiveCfg = Debug|Any CPU
		{E27993C2-F6A5-4828-9501-C01580367448}.Debug|Any CPU.Build.0 = Debug|Any CPU
		{E27993C2-F6A5-4828-9501-C01580367448}.Release|Any CPU.ActiveCfg = Release|Any CPU
		{E27993C2-F6A5-4828-9501-C01580367448}.Release|Any CPU.Build.0 = Release|Any CPU
		{2E285D18-43FF-4429-AB6E-0ED832AFCC77}.Debug|Any CPU.ActiveCfg = Debug|Any CPU
		{2E285D18-43FF-4429-AB6E-0ED832AFCC77}.Debug|Any CPU.Build.0 = Debug|Any CPU
		{2E285D18-43FF-4429-AB6E-0ED832AFCC77}.Release|Any CPU.ActiveCfg = Release|Any CPU
		{2E285D18-43FF-4429-AB6E-0ED832AFCC77}.Release|Any CPU.Build.0 = Release|Any CPU
		{A59CC949-0442-4DA3-B51D-E73467F83F8C}.Debug|Any CPU.ActiveCfg = Debug|Any CPU
		{A59CC949-0442-4DA3-B51D-E73467F83F8C}.Debug|Any CPU.Build.0 = Debug|Any CPU
		{A59CC949-0442-4DA3-B51D-E73467F83F8C}.Release|Any CPU.ActiveCfg = Release|Any CPU
		{A59CC949-0442-4DA3-B51D-E73467F83F8C}.Release|Any CPU.Build.0 = Release|Any CPU
	EndGlobalSection
	GlobalSection(SolutionProperties) = preSolution
		HideSolutionNode = FALSE
	EndGlobalSection
	GlobalSection(ExtensibilityGlobals) = postSolution
		SolutionGuid = {6FF626FF-E215-4D94-B398-31FF20C3B14A}
	EndGlobalSection
EndGlobal
