
Microsoft Visual Studio Solution File, Format Version 12.00
# Visual Studio Version 17
VisualStudioVersion = 17.6.33815.320
MinimumVisualStudioVersion = 10.0.40219.1
Project("{9A19103F-16F7-4668-BE54-9A1E7A4F7556}") = "PayCheck.Web", "src\PayCheck.Web\PayCheck.Web.csproj", "{57050EC2-74CF-44CA-A4DF-2C29AA4EF738}"
EndProject
Project("{9A19103F-16F7-4668-BE54-9A1E7A4F7556}") = "PayCheck.Api", "src\PayCheck.Api\PayCheck.Api.csproj", "{F3C699D1-8223-4FCC-AD0C-7E087F73224B}"
EndProject
Project("{9A19103F-16F7-4668-BE54-9A1E7A4F7556}") = "ARVTech.DataAccess.DTOs", "submodules\ARVTech.DataAccess\src\ARVTech.DataAccess.DTOs\ARVTech.DataAccess.DTOs.csproj", "{4BE0A23A-CF6C-478C-8D86-E905733F8586}"
EndProject
Project("{9A19103F-16F7-4668-BE54-9A1E7A4F7556}") = "ARVTech.DataAccess.Core", "submodules\ARVTech.DataAccess\src\ARVTech.DataAccess.Core\ARVTech.DataAccess.Core.csproj", "{D8E4E8B1-B96B-48E9-AE77-A90B298E278E}"
EndProject
Project("{9A19103F-16F7-4668-BE54-9A1E7A4F7556}") = "ARVTech.Shared", "submodules\ARVTech.DataAccess\submodules\ARVTech.Shared\src\ARVTech.Shared.csproj", "{DE7CDD7C-9784-4E6B-97F5-82929DFEDF77}"
EndProject
Project("{9A19103F-16F7-4668-BE54-9A1E7A4F7556}") = "ARVTech.DataAccess.Infrastructure", "submodules\ARVTech.DataAccess\src\ARVTech.DataAccess.Infrastructure\ARVTech.DataAccess.Infrastructure.csproj", "{8A0A2485-A3C5-4A2C-B6B2-D04B74E6BD00}"
EndProject
Project("{9A19103F-16F7-4668-BE54-9A1E7A4F7556}") = "ARVTech.DataAccess.Application", "submodules\ARVTech.DataAccess\src\ARVTech.DataAccess.Application\ARVTech.DataAccess.Application.csproj", "{4FB1A5BE-A99B-4EA1-B7CF-0AEA53CEA17C}"
EndProject
Project("{9A19103F-16F7-4668-BE54-9A1E7A4F7556}") = "ARVTech.DataAccess.CQRS", "submodules\ARVTech.DataAccess\src\ARVTech.DataAccess.CQRS\ARVTech.DataAccess.CQRS.csproj", "{08C3713B-30CF-4A98-86B2-299F7A19FA59}"
EndProject
Project("{9A19103F-16F7-4668-BE54-9A1E7A4F7556}") = "ARVTech.DataAccess.DbFactories", "submodules\ARVTech.DataAccess\src\ARVTech.DataAccess.DbFactories\ARVTech.DataAccess.DbFactories.csproj", "{E97102C7-4883-40BE-9168-E93FC3579408}"
EndProject
Project("{9A19103F-16F7-4668-BE54-9A1E7A4F7556}") = "ARVTech.DataAccess.Business", "submodules\ARVTech.DataAccess\src\ARVTech.DataAccess.Business\ARVTech.DataAccess.Business.csproj", "{447110F2-8288-4232-A2D3-AF18F04A8F2F}"
EndProject
Project("{9A19103F-16F7-4668-BE54-9A1E7A4F7556}") = "ARVTech.Transmission.Engine", "submodules\ARVTech.DataAccess\submodules\ARVTech.Transmission\src\ARVTech.Transmission.Engine\ARVTech.Transmission.Engine.csproj", "{243948D7-3176-4037-84D5-7B2E088A56F2}"
EndProject
Project("{9A19103F-16F7-4668-BE54-9A1E7A4F7556}") = "ARVTech.DataAccess.Enums", "submodules\ARVTech.DataAccess\src\ARVTech.DataAccess.Enums\ARVTech.DataAccess.Enums.csproj", "{19090C4E-F71C-4231-AABF-F0DBA0E1098D}"
EndProject
Global
	GlobalSection(SolutionConfigurationPlatforms) = preSolution
		Debug|Any CPU = Debug|Any CPU
		Release|Any CPU = Release|Any CPU
	EndGlobalSection
	GlobalSection(ProjectConfigurationPlatforms) = postSolution
		{57050EC2-74CF-44CA-A4DF-2C29AA4EF738}.Debug|Any CPU.ActiveCfg = Debug|Any CPU
		{57050EC2-74CF-44CA-A4DF-2C29AA4EF738}.Debug|Any CPU.Build.0 = Debug|Any CPU
		{57050EC2-74CF-44CA-A4DF-2C29AA4EF738}.Release|Any CPU.ActiveCfg = Release|Any CPU
		{57050EC2-74CF-44CA-A4DF-2C29AA4EF738}.Release|Any CPU.Build.0 = Release|Any CPU
		{F3C699D1-8223-4FCC-AD0C-7E087F73224B}.Debug|Any CPU.ActiveCfg = Debug|Any CPU
		{F3C699D1-8223-4FCC-AD0C-7E087F73224B}.Debug|Any CPU.Build.0 = Debug|Any CPU
		{F3C699D1-8223-4FCC-AD0C-7E087F73224B}.Release|Any CPU.ActiveCfg = Release|Any CPU
		{F3C699D1-8223-4FCC-AD0C-7E087F73224B}.Release|Any CPU.Build.0 = Release|Any CPU
		{4BE0A23A-CF6C-478C-8D86-E905733F8586}.Debug|Any CPU.ActiveCfg = Debug|Any CPU
		{4BE0A23A-CF6C-478C-8D86-E905733F8586}.Debug|Any CPU.Build.0 = Debug|Any CPU
		{4BE0A23A-CF6C-478C-8D86-E905733F8586}.Release|Any CPU.ActiveCfg = Release|Any CPU
		{4BE0A23A-CF6C-478C-8D86-E905733F8586}.Release|Any CPU.Build.0 = Release|Any CPU
		{D8E4E8B1-B96B-48E9-AE77-A90B298E278E}.Debug|Any CPU.ActiveCfg = Debug|Any CPU
		{D8E4E8B1-B96B-48E9-AE77-A90B298E278E}.Debug|Any CPU.Build.0 = Debug|Any CPU
		{D8E4E8B1-B96B-48E9-AE77-A90B298E278E}.Release|Any CPU.ActiveCfg = Release|Any CPU
		{D8E4E8B1-B96B-48E9-AE77-A90B298E278E}.Release|Any CPU.Build.0 = Release|Any CPU
		{DE7CDD7C-9784-4E6B-97F5-82929DFEDF77}.Debug|Any CPU.ActiveCfg = Debug|Any CPU
		{DE7CDD7C-9784-4E6B-97F5-82929DFEDF77}.Debug|Any CPU.Build.0 = Debug|Any CPU
		{DE7CDD7C-9784-4E6B-97F5-82929DFEDF77}.Release|Any CPU.ActiveCfg = Release|Any CPU
		{DE7CDD7C-9784-4E6B-97F5-82929DFEDF77}.Release|Any CPU.Build.0 = Release|Any CPU
		{8A0A2485-A3C5-4A2C-B6B2-D04B74E6BD00}.Debug|Any CPU.ActiveCfg = Debug|Any CPU
		{8A0A2485-A3C5-4A2C-B6B2-D04B74E6BD00}.Debug|Any CPU.Build.0 = Debug|Any CPU
		{8A0A2485-A3C5-4A2C-B6B2-D04B74E6BD00}.Release|Any CPU.ActiveCfg = Release|Any CPU
		{8A0A2485-A3C5-4A2C-B6B2-D04B74E6BD00}.Release|Any CPU.Build.0 = Release|Any CPU
		{4FB1A5BE-A99B-4EA1-B7CF-0AEA53CEA17C}.Debug|Any CPU.ActiveCfg = Debug|Any CPU
		{4FB1A5BE-A99B-4EA1-B7CF-0AEA53CEA17C}.Debug|Any CPU.Build.0 = Debug|Any CPU
		{4FB1A5BE-A99B-4EA1-B7CF-0AEA53CEA17C}.Release|Any CPU.ActiveCfg = Release|Any CPU
		{4FB1A5BE-A99B-4EA1-B7CF-0AEA53CEA17C}.Release|Any CPU.Build.0 = Release|Any CPU
		{08C3713B-30CF-4A98-86B2-299F7A19FA59}.Debug|Any CPU.ActiveCfg = Debug|Any CPU
		{08C3713B-30CF-4A98-86B2-299F7A19FA59}.Debug|Any CPU.Build.0 = Debug|Any CPU
		{08C3713B-30CF-4A98-86B2-299F7A19FA59}.Release|Any CPU.ActiveCfg = Release|Any CPU
		{08C3713B-30CF-4A98-86B2-299F7A19FA59}.Release|Any CPU.Build.0 = Release|Any CPU
		{E97102C7-4883-40BE-9168-E93FC3579408}.Debug|Any CPU.ActiveCfg = Debug|Any CPU
		{E97102C7-4883-40BE-9168-E93FC3579408}.Debug|Any CPU.Build.0 = Debug|Any CPU
		{E97102C7-4883-40BE-9168-E93FC3579408}.Release|Any CPU.ActiveCfg = Release|Any CPU
		{E97102C7-4883-40BE-9168-E93FC3579408}.Release|Any CPU.Build.0 = Release|Any CPU
		{447110F2-8288-4232-A2D3-AF18F04A8F2F}.Debug|Any CPU.ActiveCfg = Debug|Any CPU
		{447110F2-8288-4232-A2D3-AF18F04A8F2F}.Debug|Any CPU.Build.0 = Debug|Any CPU
		{447110F2-8288-4232-A2D3-AF18F04A8F2F}.Release|Any CPU.ActiveCfg = Release|Any CPU
		{447110F2-8288-4232-A2D3-AF18F04A8F2F}.Release|Any CPU.Build.0 = Release|Any CPU
		{243948D7-3176-4037-84D5-7B2E088A56F2}.Debug|Any CPU.ActiveCfg = Debug|Any CPU
		{243948D7-3176-4037-84D5-7B2E088A56F2}.Debug|Any CPU.Build.0 = Debug|Any CPU
		{243948D7-3176-4037-84D5-7B2E088A56F2}.Release|Any CPU.ActiveCfg = Release|Any CPU
		{243948D7-3176-4037-84D5-7B2E088A56F2}.Release|Any CPU.Build.0 = Release|Any CPU
		{19090C4E-F71C-4231-AABF-F0DBA0E1098D}.Debug|Any CPU.ActiveCfg = Debug|Any CPU
		{19090C4E-F71C-4231-AABF-F0DBA0E1098D}.Debug|Any CPU.Build.0 = Debug|Any CPU
		{19090C4E-F71C-4231-AABF-F0DBA0E1098D}.Release|Any CPU.ActiveCfg = Release|Any CPU
		{19090C4E-F71C-4231-AABF-F0DBA0E1098D}.Release|Any CPU.Build.0 = Release|Any CPU
	EndGlobalSection
	GlobalSection(SolutionProperties) = preSolution
		HideSolutionNode = FALSE
	EndGlobalSection
	GlobalSection(ExtensibilityGlobals) = postSolution
		SolutionGuid = {6FF626FF-E215-4D94-B398-31FF20C3B14A}
	EndGlobalSection
EndGlobal
